// !$*UTF8*$!
{
	archiveVersion = 1;
	classes = {
	};
	objectVersion = 56;
	objects = {

/* Begin PBXBuildFile section */
		1A16FAB02C26BED400CC8AB9 /* FavoriteCell.xib in Resources */ = {isa = PBXBuildFile; fileRef = 1A16FAAF2C26BED400CC8AB9 /* FavoriteCell.xib */; };
		1A16FAB12C26BED400CC8AB9 /* FavoriteCell.swift in Sources */ = {isa = PBXBuildFile; fileRef = 1A16FAAE2C26BED400CC8AB9 /* FavoriteCell.swift */; };
		1A31E7E92C0B109300712199 /* AppDelegate.swift in Sources */ = {isa = PBXBuildFile; fileRef = 1A31E7E82C0B109300712199 /* AppDelegate.swift */; };
		1A31E7EB2C0B109300712199 /* SceneDelegate.swift in Sources */ = {isa = PBXBuildFile; fileRef = 1A31E7EA2C0B109300712199 /* SceneDelegate.swift */; };
		1A31E7F02C0B109300712199 /* Base in Resources */ = {isa = PBXBuildFile; fileRef = 1A31E7EF2C0B109300712199 /* Base */; };
		1A31E7F22C0B109500712199 /* Assets.xcassets in Resources */ = {isa = PBXBuildFile; fileRef = 1A31E7F12C0B109500712199 /* Assets.xcassets */; };
		1A31E7F52C0B109500712199 /* Base in Resources */ = {isa = PBXBuildFile; fileRef = 1A31E7F42C0B109500712199 /* Base */; };
		1A31E8052C0B17A800712199 /* RegisterController.swift in Sources */ = {isa = PBXBuildFile; fileRef = 1A31E8042C0B17A800712199 /* RegisterController.swift */; };
		1A31E8072C0B17B600712199 /* LoginController.swift in Sources */ = {isa = PBXBuildFile; fileRef = 1A31E8062C0B17B600712199 /* LoginController.swift */; };
		1A31E8092C0B17D000712199 /* HomeController.swift in Sources */ = {isa = PBXBuildFile; fileRef = 1A31E8082C0B17D000712199 /* HomeController.swift */; };
		1A31E80D2C0B17ED00712199 /* FavoriteController.swift in Sources */ = {isa = PBXBuildFile; fileRef = 1A31E80C2C0B17ED00712199 /* FavoriteController.swift */; };
		1A31E80F2C0B17FA00712199 /* ProfileController.swift in Sources */ = {isa = PBXBuildFile; fileRef = 1A31E80E2C0B17FA00712199 /* ProfileController.swift */; };
		1A31E8112C0B180A00712199 /* PostDetailController.swift in Sources */ = {isa = PBXBuildFile; fileRef = 1A31E8102C0B180A00712199 /* PostDetailController.swift */; };
		1A31E8132C0B18DD00712199 /* LoginViewModel.swift in Sources */ = {isa = PBXBuildFile; fileRef = 1A31E8122C0B18DD00712199 /* LoginViewModel.swift */; };
		1A31E8152C0B18E900712199 /* RegisterViewModel.swift in Sources */ = {isa = PBXBuildFile; fileRef = 1A31E8142C0B18E900712199 /* RegisterViewModel.swift */; };
		1A31E8172C0B18F200712199 /* HomeViewModel.swift in Sources */ = {isa = PBXBuildFile; fileRef = 1A31E8162C0B18F200712199 /* HomeViewModel.swift */; };
		1A31E81D2C0B190B00712199 /* ProfileViewModel.swift in Sources */ = {isa = PBXBuildFile; fileRef = 1A31E81C2C0B190B00712199 /* ProfileViewModel.swift */; };
		1A31E8222C0B1BBC00712199 /* Category.swift in Sources */ = {isa = PBXBuildFile; fileRef = 1A31E8212C0B1BBB00712199 /* Category.swift */; };
		1A31E8242C0B1BC000712199 /* User.swift in Sources */ = {isa = PBXBuildFile; fileRef = 1A31E8232C0B1BC000712199 /* User.swift */; };
		1A31E8262C0B1BCD00712199 /* Post.swift in Sources */ = {isa = PBXBuildFile; fileRef = 1A31E8252C0B1BCD00712199 /* Post.swift */; };
		1A372A832C24C0B000B82C26 /* HeaderViewModel.swift in Sources */ = {isa = PBXBuildFile; fileRef = 1A372A822C24C0B000B82C26 /* HeaderViewModel.swift */; };
		1AB7298A2C144FF70059BE82 /* SliderCell.xib in Resources */ = {isa = PBXBuildFile; fileRef = 1AB729892C144FF70059BE82 /* SliderCell.xib */; };
		1AB7298B2C144FF70059BE82 /* SliderCell.swift in Sources */ = {isa = PBXBuildFile; fileRef = 1AB729882C144FF70059BE82 /* SliderCell.swift */; };
		1AB7298E2C14502F0059BE82 /* PostCell.xib in Resources */ = {isa = PBXBuildFile; fileRef = 1AB7298D2C14502F0059BE82 /* PostCell.xib */; };
		1AB7298F2C14502F0059BE82 /* PostCell.swift in Sources */ = {isa = PBXBuildFile; fileRef = 1AB7298C2C14502F0059BE82 /* PostCell.swift */; };
		1ABD12932C29883600B3474F /* NewController.swift in Sources */ = {isa = PBXBuildFile; fileRef = 1ABD12922C29883600B3474F /* NewController.swift */; };
		1ABD12952C29888A00B3474F /* MainTabBarController.swift in Sources */ = {isa = PBXBuildFile; fileRef = 1ABD12942C29888A00B3474F /* MainTabBarController.swift */; };
		1AC6980F2C28BD5700F65B52 /* PostDetailCell.swift in Sources */ = {isa = PBXBuildFile; fileRef = 1AC6980E2C28BD5700F65B52 /* PostDetailCell.swift */; };
		1ACA12BD2C22C30A000262B3 /* PostManager.swift in Sources */ = {isa = PBXBuildFile; fileRef = 1ACA12BC2C22C30A000262B3 /* PostManager.swift */; };
		1AF3A3962C21B02D00B9A5E9 /* Posts.json in Resources */ = {isa = PBXBuildFile; fileRef = 1AF3A3952C21B02D00B9A5E9 /* Posts.json */; };
		1AF3A3992C21B87F00B9A5E9 /* CategoryCoreData.xcdatamodeld in Sources */ = {isa = PBXBuildFile; fileRef = 1AF3A3972C21B87F00B9A5E9 /* CategoryCoreData.xcdatamodeld */; };
		1AF3A3A22C21D1A900B9A5E9 /* CategoryList+CoreDataClass.swift in Sources */ = {isa = PBXBuildFile; fileRef = 1AF3A3A02C21D1A900B9A5E9 /* CategoryList+CoreDataClass.swift */; };
		1AF3A3A32C21D1A900B9A5E9 /* CategoryList+CoreDataProperties.swift in Sources */ = {isa = PBXBuildFile; fileRef = 1AF3A3A12C21D1A900B9A5E9 /* CategoryList+CoreDataProperties.swift */; };
		1AF3A3AB2C21ECCE00B9A5E9 /* SearchController.swift in Sources */ = {isa = PBXBuildFile; fileRef = 1AF3A3AA2C21ECCE00B9A5E9 /* SearchController.swift */; };
		1AF3A3AE2C21F0F600B9A5E9 /* HeaderView.swift in Sources */ = {isa = PBXBuildFile; fileRef = 1AF3A3AC2C21F0F600B9A5E9 /* HeaderView.swift */; };
		1AF3A3AF2C21F0F600B9A5E9 /* HeaderView.xib in Resources */ = {isa = PBXBuildFile; fileRef = 1AF3A3AD2C21F0F600B9A5E9 /* HeaderView.xib */; };
		1AF3A3B42C21F66500B9A5E9 /* CategoryCell.swift in Sources */ = {isa = PBXBuildFile; fileRef = 1AF3A3B22C21F66500B9A5E9 /* CategoryCell.swift */; };
		1AF3A3B52C21F66500B9A5E9 /* CategoryCell.xib in Resources */ = {isa = PBXBuildFile; fileRef = 1AF3A3B32C21F66500B9A5E9 /* CategoryCell.xib */; };
		1AFFBF772C10C676008640A1 /* UserFileManagerHelper.swift in Sources */ = {isa = PBXBuildFile; fileRef = 1AFFBF762C10C676008640A1 /* UserFileManagerHelper.swift */; };
/* End PBXBuildFile section */

/* Begin PBXFileReference section */
		1A16FAAE2C26BED400CC8AB9 /* FavoriteCell.swift */ = {isa = PBXFileReference; lastKnownFileType = sourcecode.swift; path = FavoriteCell.swift; sourceTree = "<group>"; };
		1A16FAAF2C26BED400CC8AB9 /* FavoriteCell.xib */ = {isa = PBXFileReference; lastKnownFileType = file.xib; path = FavoriteCell.xib; sourceTree = "<group>"; };
		1A31E7E52C0B109300712199 /* NewsApp.app */ = {isa = PBXFileReference; explicitFileType = wrapper.application; includeInIndex = 0; path = NewsApp.app; sourceTree = BUILT_PRODUCTS_DIR; };
		1A31E7E82C0B109300712199 /* AppDelegate.swift */ = {isa = PBXFileReference; lastKnownFileType = sourcecode.swift; path = AppDelegate.swift; sourceTree = "<group>"; };
		1A31E7EA2C0B109300712199 /* SceneDelegate.swift */ = {isa = PBXFileReference; lastKnownFileType = sourcecode.swift; path = SceneDelegate.swift; sourceTree = "<group>"; };
		1A31E7EF2C0B109300712199 /* Base */ = {isa = PBXFileReference; lastKnownFileType = file.storyboard; name = Base; path = Base.lproj/Main.storyboard; sourceTree = "<group>"; };
		1A31E7F12C0B109500712199 /* Assets.xcassets */ = {isa = PBXFileReference; lastKnownFileType = folder.assetcatalog; path = Assets.xcassets; sourceTree = "<group>"; };
		1A31E7F42C0B109500712199 /* Base */ = {isa = PBXFileReference; lastKnownFileType = file.storyboard; name = Base; path = Base.lproj/LaunchScreen.storyboard; sourceTree = "<group>"; };
		1A31E7F62C0B109500712199 /* Info.plist */ = {isa = PBXFileReference; lastKnownFileType = text.plist.xml; path = Info.plist; sourceTree = "<group>"; };
		1A31E8042C0B17A800712199 /* RegisterController.swift */ = {isa = PBXFileReference; lastKnownFileType = sourcecode.swift; path = RegisterController.swift; sourceTree = "<group>"; };
		1A31E8062C0B17B600712199 /* LoginController.swift */ = {isa = PBXFileReference; lastKnownFileType = sourcecode.swift; path = LoginController.swift; sourceTree = "<group>"; };
		1A31E8082C0B17D000712199 /* HomeController.swift */ = {isa = PBXFileReference; lastKnownFileType = sourcecode.swift; path = HomeController.swift; sourceTree = "<group>"; };
		1A31E80C2C0B17ED00712199 /* FavoriteController.swift */ = {isa = PBXFileReference; lastKnownFileType = sourcecode.swift; path = FavoriteController.swift; sourceTree = "<group>"; };
		1A31E80E2C0B17FA00712199 /* ProfileController.swift */ = {isa = PBXFileReference; lastKnownFileType = sourcecode.swift; path = ProfileController.swift; sourceTree = "<group>"; };
		1A31E8102C0B180A00712199 /* PostDetailController.swift */ = {isa = PBXFileReference; lastKnownFileType = sourcecode.swift; path = PostDetailController.swift; sourceTree = "<group>"; };
		1A31E8122C0B18DD00712199 /* LoginViewModel.swift */ = {isa = PBXFileReference; lastKnownFileType = sourcecode.swift; path = LoginViewModel.swift; sourceTree = "<group>"; };
		1A31E8142C0B18E900712199 /* RegisterViewModel.swift */ = {isa = PBXFileReference; lastKnownFileType = sourcecode.swift; path = RegisterViewModel.swift; sourceTree = "<group>"; };
		1A31E8162C0B18F200712199 /* HomeViewModel.swift */ = {isa = PBXFileReference; lastKnownFileType = sourcecode.swift; path = HomeViewModel.swift; sourceTree = "<group>"; };
		1A31E81C2C0B190B00712199 /* ProfileViewModel.swift */ = {isa = PBXFileReference; lastKnownFileType = sourcecode.swift; path = ProfileViewModel.swift; sourceTree = "<group>"; };
		1A31E8212C0B1BBB00712199 /* Category.swift */ = {isa = PBXFileReference; lastKnownFileType = sourcecode.swift; path = Category.swift; sourceTree = "<group>"; };
		1A31E8232C0B1BC000712199 /* User.swift */ = {isa = PBXFileReference; lastKnownFileType = sourcecode.swift; path = User.swift; sourceTree = "<group>"; };
		1A31E8252C0B1BCD00712199 /* Post.swift */ = {isa = PBXFileReference; lastKnownFileType = sourcecode.swift; path = Post.swift; sourceTree = "<group>"; };
		1A372A822C24C0B000B82C26 /* HeaderViewModel.swift */ = {isa = PBXFileReference; lastKnownFileType = sourcecode.swift; path = HeaderViewModel.swift; sourceTree = "<group>"; };
		1AB729882C144FF70059BE82 /* SliderCell.swift */ = {isa = PBXFileReference; lastKnownFileType = sourcecode.swift; path = SliderCell.swift; sourceTree = "<group>"; };
		1AB729892C144FF70059BE82 /* SliderCell.xib */ = {isa = PBXFileReference; lastKnownFileType = file.xib; path = SliderCell.xib; sourceTree = "<group>"; };
		1AB7298C2C14502F0059BE82 /* PostCell.swift */ = {isa = PBXFileReference; lastKnownFileType = sourcecode.swift; path = PostCell.swift; sourceTree = "<group>"; };
		1AB7298D2C14502F0059BE82 /* PostCell.xib */ = {isa = PBXFileReference; lastKnownFileType = file.xib; path = PostCell.xib; sourceTree = "<group>"; };
		1ABD12922C29883600B3474F /* NewController.swift */ = {isa = PBXFileReference; lastKnownFileType = sourcecode.swift; path = NewController.swift; sourceTree = "<group>"; };
		1ABD12942C29888A00B3474F /* MainTabBarController.swift */ = {isa = PBXFileReference; lastKnownFileType = sourcecode.swift; path = MainTabBarController.swift; sourceTree = "<group>"; };
		1AC6980E2C28BD5700F65B52 /* PostDetailCell.swift */ = {isa = PBXFileReference; lastKnownFileType = sourcecode.swift; path = PostDetailCell.swift; sourceTree = "<group>"; };
		1ACA12BC2C22C30A000262B3 /* PostManager.swift */ = {isa = PBXFileReference; lastKnownFileType = sourcecode.swift; path = PostManager.swift; sourceTree = "<group>"; };
		1AF3A3952C21B02D00B9A5E9 /* Posts.json */ = {isa = PBXFileReference; lastKnownFileType = text.json; path = Posts.json; sourceTree = "<group>"; };
		1AF3A3982C21B87F00B9A5E9 /* CategoryCoreData.xcdatamodel */ = {isa = PBXFileReference; lastKnownFileType = wrapper.xcdatamodel; path = CategoryCoreData.xcdatamodel; sourceTree = "<group>"; };
		1AF3A3A02C21D1A900B9A5E9 /* CategoryList+CoreDataClass.swift */ = {isa = PBXFileReference; lastKnownFileType = sourcecode.swift; path = "CategoryList+CoreDataClass.swift"; sourceTree = "<group>"; };
		1AF3A3A12C21D1A900B9A5E9 /* CategoryList+CoreDataProperties.swift */ = {isa = PBXFileReference; lastKnownFileType = sourcecode.swift; path = "CategoryList+CoreDataProperties.swift"; sourceTree = "<group>"; };
		1AF3A3AA2C21ECCE00B9A5E9 /* SearchController.swift */ = {isa = PBXFileReference; lastKnownFileType = sourcecode.swift; path = SearchController.swift; sourceTree = "<group>"; };
		1AF3A3AC2C21F0F600B9A5E9 /* HeaderView.swift */ = {isa = PBXFileReference; lastKnownFileType = sourcecode.swift; path = HeaderView.swift; sourceTree = "<group>"; };
		1AF3A3AD2C21F0F600B9A5E9 /* HeaderView.xib */ = {isa = PBXFileReference; lastKnownFileType = file.xib; path = HeaderView.xib; sourceTree = "<group>"; };
		1AF3A3B22C21F66500B9A5E9 /* CategoryCell.swift */ = {isa = PBXFileReference; lastKnownFileType = sourcecode.swift; path = CategoryCell.swift; sourceTree = "<group>"; };
		1AF3A3B32C21F66500B9A5E9 /* CategoryCell.xib */ = {isa = PBXFileReference; lastKnownFileType = file.xib; path = CategoryCell.xib; sourceTree = "<group>"; };
		1AFFBF762C10C676008640A1 /* UserFileManagerHelper.swift */ = {isa = PBXFileReference; lastKnownFileType = sourcecode.swift; path = UserFileManagerHelper.swift; sourceTree = "<group>"; };
/* End PBXFileReference section */

/* Begin PBXFrameworksBuildPhase section */
		1A31E7E22C0B109300712199 /* Frameworks */ = {
			isa = PBXFrameworksBuildPhase;
			buildActionMask = 2147483647;
			files = (
			);
			runOnlyForDeploymentPostprocessing = 0;
		};
/* End PBXFrameworksBuildPhase section */

/* Begin PBXGroup section */
		1A31E7DC2C0B109300712199 = {
			isa = PBXGroup;
			children = (
				1A31E7E72C0B109300712199 /* NewsApp */,
				1A31E7E62C0B109300712199 /* Products */,
			);
			sourceTree = "<group>";
		};
		1A31E7E62C0B109300712199 /* Products */ = {
			isa = PBXGroup;
			children = (
				1A31E7E52C0B109300712199 /* NewsApp.app */,
			);
			name = Products;
			sourceTree = "<group>";
		};
		1A31E7E72C0B109300712199 /* NewsApp */ = {
			isa = PBXGroup;
			children = (
				1A31E7FE2C0B12FB00712199 /* Models */,
				1A31E7FF2C0B130600712199 /* Views */,
				1A31E8032C0B175D00712199 /* ViewModel */,
				1A31E8022C0B135500712199 /* Services */,
				1A31E7FC2C0B112600712199 /* Files */,
				1A31E7EE2C0B109300712199 /* Main.storyboard */,
				1A31E7F12C0B109500712199 /* Assets.xcassets */,
				1AF3A3972C21B87F00B9A5E9 /* CategoryCoreData.xcdatamodeld */,
				1AF3A3A02C21D1A900B9A5E9 /* CategoryList+CoreDataClass.swift */,
				1AF3A3A12C21D1A900B9A5E9 /* CategoryList+CoreDataProperties.swift */,
			);
			path = NewsApp;
			sourceTree = "<group>";
		};
		1A31E7FC2C0B112600712199 /* Files */ = {
			isa = PBXGroup;
			children = (
				1A31E7F32C0B109500712199 /* LaunchScreen.storyboard */,
				1A31E7F62C0B109500712199 /* Info.plist */,
				1A31E7EA2C0B109300712199 /* SceneDelegate.swift */,
				1A31E7E82C0B109300712199 /* AppDelegate.swift */,
			);
			name = Files;
			sourceTree = "<group>";
		};
		1A31E7FE2C0B12FB00712199 /* Models */ = {
			isa = PBXGroup;
			children = (
				1A31E8212C0B1BBB00712199 /* Category.swift */,
				1A31E8232C0B1BC000712199 /* User.swift */,
				1A31E8252C0B1BCD00712199 /* Post.swift */,
			);
			path = Models;
			sourceTree = "<group>";
		};
		1A31E7FF2C0B130600712199 /* Views */ = {
			isa = PBXGroup;
			children = (
				1A31E8202C0B19CE00712199 /* Cell */,
				1A31E8042C0B17A800712199 /* RegisterController.swift */,
				1A31E8062C0B17B600712199 /* LoginController.swift */,
				1A31E8082C0B17D000712199 /* HomeController.swift */,
				1A31E80C2C0B17ED00712199 /* FavoriteController.swift */,
				1A31E80E2C0B17FA00712199 /* ProfileController.swift */,
				1A31E8102C0B180A00712199 /* PostDetailController.swift */,
				1AF3A3AA2C21ECCE00B9A5E9 /* SearchController.swift */,
				1ABD12922C29883600B3474F /* NewController.swift */,
			);
			path = Views;
			sourceTree = "<group>";
		};
		1A31E8022C0B135500712199 /* Services */ = {
			isa = PBXGroup;
			children = (
				1AFFBF762C10C676008640A1 /* UserFileManagerHelper.swift */,
				1AF3A3952C21B02D00B9A5E9 /* Posts.json */,
				1ACA12BC2C22C30A000262B3 /* PostManager.swift */,
				1ABD12942C29888A00B3474F /* MainTabBarController.swift */,
			);
			path = Services;
			sourceTree = "<group>";
		};
		1A31E8032C0B175D00712199 /* ViewModel */ = {
			isa = PBXGroup;
			children = (
				1A31E8122C0B18DD00712199 /* LoginViewModel.swift */,
				1A31E8142C0B18E900712199 /* RegisterViewModel.swift */,
				1A31E8162C0B18F200712199 /* HomeViewModel.swift */,
				1A31E81C2C0B190B00712199 /* ProfileViewModel.swift */,
				1A372A822C24C0B000B82C26 /* HeaderViewModel.swift */,
			);
			path = ViewModel;
			sourceTree = "<group>";
		};
		1A31E8202C0B19CE00712199 /* Cell */ = {
			isa = PBXGroup;
			children = (
				1AB729882C144FF70059BE82 /* SliderCell.swift */,
				1AB729892C144FF70059BE82 /* SliderCell.xib */,
				1AB7298C2C14502F0059BE82 /* PostCell.swift */,
				1AB7298D2C14502F0059BE82 /* PostCell.xib */,
				1AF3A3AC2C21F0F600B9A5E9 /* HeaderView.swift */,
				1AF3A3AD2C21F0F600B9A5E9 /* HeaderView.xib */,
				1AF3A3B22C21F66500B9A5E9 /* CategoryCell.swift */,
				1AF3A3B32C21F66500B9A5E9 /* CategoryCell.xib */,
				1A16FAAE2C26BED400CC8AB9 /* FavoriteCell.swift */,
				1A16FAAF2C26BED400CC8AB9 /* FavoriteCell.xib */,
				1AC6980E2C28BD5700F65B52 /* PostDetailCell.swift */,
			);
			path = Cell;
			sourceTree = "<group>";
		};
/* End PBXGroup section */

/* Begin PBXNativeTarget section */
		1A31E7E42C0B109300712199 /* NewsApp */ = {
			isa = PBXNativeTarget;
			buildConfigurationList = 1A31E7F92C0B109500712199 /* Build configuration list for PBXNativeTarget "NewsApp" */;
			buildPhases = (
				1A31E7E12C0B109300712199 /* Sources */,
				1A31E7E22C0B109300712199 /* Frameworks */,
				1A31E7E32C0B109300712199 /* Resources */,
			);
			buildRules = (
			);
			dependencies = (
			);
			name = NewsApp;
			productName = NewsApp;
			productReference = 1A31E7E52C0B109300712199 /* NewsApp.app */;
			productType = "com.apple.product-type.application";
		};
/* End PBXNativeTarget section */

/* Begin PBXProject section */
		1A31E7DD2C0B109300712199 /* Project object */ = {
			isa = PBXProject;
			attributes = {
				BuildIndependentTargetsInParallel = 1;
				LastSwiftUpdateCheck = 1540;
				LastUpgradeCheck = 1540;
				TargetAttributes = {
					1A31E7E42C0B109300712199 = {
						CreatedOnToolsVersion = 15.4;
					};
				};
			};
			buildConfigurationList = 1A31E7E02C0B109300712199 /* Build configuration list for PBXProject "NewsApp" */;
			compatibilityVersion = "Xcode 14.0";
			developmentRegion = en;
			hasScannedForEncodings = 0;
			knownRegions = (
				en,
				Base,
			);
			mainGroup = 1A31E7DC2C0B109300712199;
			productRefGroup = 1A31E7E62C0B109300712199 /* Products */;
			projectDirPath = "";
			projectRoot = "";
			targets = (
				1A31E7E42C0B109300712199 /* NewsApp */,
			);
		};
/* End PBXProject section */

/* Begin PBXResourcesBuildPhase section */
		1A31E7E32C0B109300712199 /* Resources */ = {
			isa = PBXResourcesBuildPhase;
			buildActionMask = 2147483647;
			files = (
				1A31E7F22C0B109500712199 /* Assets.xcassets in Resources */,
				1A31E7F52C0B109500712199 /* Base in Resources */,
				1AB7298E2C14502F0059BE82 /* PostCell.xib in Resources */,
				1AB7298A2C144FF70059BE82 /* SliderCell.xib in Resources */,
				1AF3A3962C21B02D00B9A5E9 /* Posts.json in Resources */,
				1A16FAB02C26BED400CC8AB9 /* FavoriteCell.xib in Resources */,
				1A31E7F02C0B109300712199 /* Base in Resources */,
				1AF3A3AF2C21F0F600B9A5E9 /* HeaderView.xib in Resources */,
				1AF3A3B52C21F66500B9A5E9 /* CategoryCell.xib in Resources */,
			);
			runOnlyForDeploymentPostprocessing = 0;
		};
/* End PBXResourcesBuildPhase section */

/* Begin PBXSourcesBuildPhase section */
		1A31E7E12C0B109300712199 /* Sources */ = {
			isa = PBXSourcesBuildPhase;
			buildActionMask = 2147483647;
			files = (
				1AB7298B2C144FF70059BE82 /* SliderCell.swift in Sources */,
				1A31E7E92C0B109300712199 /* AppDelegate.swift in Sources */,
				1AFFBF772C10C676008640A1 /* UserFileManagerHelper.swift in Sources */,
				1A31E8072C0B17B600712199 /* LoginController.swift in Sources */,
				1A31E7EB2C0B109300712199 /* SceneDelegate.swift in Sources */,
				1A31E8152C0B18E900712199 /* RegisterViewModel.swift in Sources */,
				1AF3A3AB2C21ECCE00B9A5E9 /* SearchController.swift in Sources */,
				1A31E8052C0B17A800712199 /* RegisterController.swift in Sources */,
				1A31E8112C0B180A00712199 /* PostDetailController.swift in Sources */,
				1A16FAB12C26BED400CC8AB9 /* FavoriteCell.swift in Sources */,
				1A31E81D2C0B190B00712199 /* ProfileViewModel.swift in Sources */,
				1A31E8222C0B1BBC00712199 /* Category.swift in Sources */,
				1ABD12952C29888A00B3474F /* MainTabBarController.swift in Sources */,
				1AF3A3B42C21F66500B9A5E9 /* CategoryCell.swift in Sources */,
				1ACA12BD2C22C30A000262B3 /* PostManager.swift in Sources */,
				1A372A832C24C0B000B82C26 /* HeaderViewModel.swift in Sources */,
				1A31E8172C0B18F200712199 /* HomeViewModel.swift in Sources */,
				1A31E8092C0B17D000712199 /* HomeController.swift in Sources */,
				1A31E8242C0B1BC000712199 /* User.swift in Sources */,
				1A31E80D2C0B17ED00712199 /* FavoriteController.swift in Sources */,
				1A31E8262C0B1BCD00712199 /* Post.swift in Sources */,
				1AF3A3A22C21D1A900B9A5E9 /* CategoryList+CoreDataClass.swift in Sources */,
				1AF3A3A32C21D1A900B9A5E9 /* CategoryList+CoreDataProperties.swift in Sources */,
				1A31E8132C0B18DD00712199 /* LoginViewModel.swift in Sources */,
				1AC6980F2C28BD5700F65B52 /* PostDetailCell.swift in Sources */,
				1AB7298F2C14502F0059BE82 /* PostCell.swift in Sources */,
				1ABD12932C29883600B3474F /* NewController.swift in Sources */,
				1AF3A3992C21B87F00B9A5E9 /* CategoryCoreData.xcdatamodeld in Sources */,
				1A31E80F2C0B17FA00712199 /* ProfileController.swift in Sources */,
				1AF3A3AE2C21F0F600B9A5E9 /* HeaderView.swift in Sources */,
			);
			runOnlyForDeploymentPostprocessing = 0;
		};
/* End PBXSourcesBuildPhase section */

/* Begin PBXVariantGroup section */
		1A31E7EE2C0B109300712199 /* Main.storyboard */ = {
			isa = PBXVariantGroup;
			children = (
				1A31E7EF2C0B109300712199 /* Base */,
			);
			name = Main.storyboard;
			sourceTree = "<group>";
		};
		1A31E7F32C0B109500712199 /* LaunchScreen.storyboard */ = {
			isa = PBXVariantGroup;
			children = (
				1A31E7F42C0B109500712199 /* Base */,
			);
			name = LaunchScreen.storyboard;
			sourceTree = "<group>";
		};
/* End PBXVariantGroup section */

/* Begin XCBuildConfiguration section */
		1A31E7F72C0B109500712199 /* Debug */ = {
			isa = XCBuildConfiguration;
			buildSettings = {
				ALWAYS_SEARCH_USER_PATHS = NO;
				ASSETCATALOG_COMPILER_GENERATE_SWIFT_ASSET_SYMBOL_EXTENSIONS = YES;
				CLANG_ANALYZER_NONNULL = YES;
				CLANG_ANALYZER_NUMBER_OBJECT_CONVERSION = YES_AGGRESSIVE;
				CLANG_CXX_LANGUAGE_STANDARD = "gnu++20";
				CLANG_ENABLE_MODULES = YES;
				CLANG_ENABLE_OBJC_ARC = YES;
				CLANG_ENABLE_OBJC_WEAK = YES;
				CLANG_WARN_BLOCK_CAPTURE_AUTORELEASING = YES;
				CLANG_WARN_BOOL_CONVERSION = YES;
				CLANG_WARN_COMMA = YES;
				CLANG_WARN_CONSTANT_CONVERSION = YES;
				CLANG_WARN_DEPRECATED_OBJC_IMPLEMENTATIONS = YES;
				CLANG_WARN_DIRECT_OBJC_ISA_USAGE = YES_ERROR;
				CLANG_WARN_DOCUMENTATION_COMMENTS = YES;
				CLANG_WARN_EMPTY_BODY = YES;
				CLANG_WARN_ENUM_CONVERSION = YES;
				CLANG_WARN_INFINITE_RECURSION = YES;
				CLANG_WARN_INT_CONVERSION = YES;
				CLANG_WARN_NON_LITERAL_NULL_CONVERSION = YES;
				CLANG_WARN_OBJC_IMPLICIT_RETAIN_SELF = YES;
				CLANG_WARN_OBJC_LITERAL_CONVERSION = YES;
				CLANG_WARN_OBJC_ROOT_CLASS = YES_ERROR;
				CLANG_WARN_QUOTED_INCLUDE_IN_FRAMEWORK_HEADER = YES;
				CLANG_WARN_RANGE_LOOP_ANALYSIS = YES;
				CLANG_WARN_STRICT_PROTOTYPES = YES;
				CLANG_WARN_SUSPICIOUS_MOVE = YES;
				CLANG_WARN_UNGUARDED_AVAILABILITY = YES_AGGRESSIVE;
				CLANG_WARN_UNREACHABLE_CODE = YES;
				CLANG_WARN__DUPLICATE_METHOD_MATCH = YES;
				COPY_PHASE_STRIP = NO;
				DEBUG_INFORMATION_FORMAT = dwarf;
				ENABLE_STRICT_OBJC_MSGSEND = YES;
				ENABLE_TESTABILITY = YES;
				ENABLE_USER_SCRIPT_SANDBOXING = YES;
				GCC_C_LANGUAGE_STANDARD = gnu17;
				GCC_DYNAMIC_NO_PIC = NO;
				GCC_NO_COMMON_BLOCKS = YES;
				GCC_OPTIMIZATION_LEVEL = 0;
				GCC_PREPROCESSOR_DEFINITIONS = (
					"DEBUG=1",
					"$(inherited)",
				);
				GCC_WARN_64_TO_32_BIT_CONVERSION = YES;
				GCC_WARN_ABOUT_RETURN_TYPE = YES_ERROR;
				GCC_WARN_UNDECLARED_SELECTOR = YES;
				GCC_WARN_UNINITIALIZED_AUTOS = YES_AGGRESSIVE;
				GCC_WARN_UNUSED_FUNCTION = YES;
				GCC_WARN_UNUSED_VARIABLE = YES;
				IPHONEOS_DEPLOYMENT_TARGET = 17.5;
				LOCALIZATION_PREFERS_STRING_CATALOGS = YES;
				MTL_ENABLE_DEBUG_INFO = INCLUDE_SOURCE;
				MTL_FAST_MATH = YES;
				ONLY_ACTIVE_ARCH = YES;
				SDKROOT = iphoneos;
				SWIFT_ACTIVE_COMPILATION_CONDITIONS = "DEBUG $(inherited)";
				SWIFT_OPTIMIZATION_LEVEL = "-Onone";
			};
			name = Debug;
		};
		1A31E7F82C0B109500712199 /* Release */ = {
			isa = XCBuildConfiguration;
			buildSettings = {
				ALWAYS_SEARCH_USER_PATHS = NO;
				ASSETCATALOG_COMPILER_GENERATE_SWIFT_ASSET_SYMBOL_EXTENSIONS = YES;
				CLANG_ANALYZER_NONNULL = YES;
				CLANG_ANALYZER_NUMBER_OBJECT_CONVERSION = YES_AGGRESSIVE;
				CLANG_CXX_LANGUAGE_STANDARD = "gnu++20";
				CLANG_ENABLE_MODULES = YES;
				CLANG_ENABLE_OBJC_ARC = YES;
				CLANG_ENABLE_OBJC_WEAK = YES;
				CLANG_WARN_BLOCK_CAPTURE_AUTORELEASING = YES;
				CLANG_WARN_BOOL_CONVERSION = YES;
				CLANG_WARN_COMMA = YES;
				CLANG_WARN_CONSTANT_CONVERSION = YES;
				CLANG_WARN_DEPRECATED_OBJC_IMPLEMENTATIONS = YES;
				CLANG_WARN_DIRECT_OBJC_ISA_USAGE = YES_ERROR;
				CLANG_WARN_DOCUMENTATION_COMMENTS = YES;
				CLANG_WARN_EMPTY_BODY = YES;
				CLANG_WARN_ENUM_CONVERSION = YES;
				CLANG_WARN_INFINITE_RECURSION = YES;
				CLANG_WARN_INT_CONVERSION = YES;
				CLANG_WARN_NON_LITERAL_NULL_CONVERSION = YES;
				CLANG_WARN_OBJC_IMPLICIT_RETAIN_SELF = YES;
				CLANG_WARN_OBJC_LITERAL_CONVERSION = YES;
				CLANG_WARN_OBJC_ROOT_CLASS = YES_ERROR;
				CLANG_WARN_QUOTED_INCLUDE_IN_FRAMEWORK_HEADER = YES;
				CLANG_WARN_RANGE_LOOP_ANALYSIS = YES;
				CLANG_WARN_STRICT_PROTOTYPES = YES;
				CLANG_WARN_SUSPICIOUS_MOVE = YES;
				CLANG_WARN_UNGUARDED_AVAILABILITY = YES_AGGRESSIVE;
				CLANG_WARN_UNREACHABLE_CODE = YES;
				CLANG_WARN__DUPLICATE_METHOD_MATCH = YES;
				COPY_PHASE_STRIP = NO;
				DEBUG_INFORMATION_FORMAT = "dwarf-with-dsym";
				ENABLE_NS_ASSERTIONS = NO;
				ENABLE_STRICT_OBJC_MSGSEND = YES;
				ENABLE_USER_SCRIPT_SANDBOXING = YES;
				GCC_C_LANGUAGE_STANDARD = gnu17;
				GCC_NO_COMMON_BLOCKS = YES;
				GCC_WARN_64_TO_32_BIT_CONVERSION = YES;
				GCC_WARN_ABOUT_RETURN_TYPE = YES_ERROR;
				GCC_WARN_UNDECLARED_SELECTOR = YES;
				GCC_WARN_UNINITIALIZED_AUTOS = YES_AGGRESSIVE;
				GCC_WARN_UNUSED_FUNCTION = YES;
				GCC_WARN_UNUSED_VARIABLE = YES;
				IPHONEOS_DEPLOYMENT_TARGET = 17.5;
				LOCALIZATION_PREFERS_STRING_CATALOGS = YES;
				MTL_ENABLE_DEBUG_INFO = NO;
				MTL_FAST_MATH = YES;
				SDKROOT = iphoneos;
				SWIFT_COMPILATION_MODE = wholemodule;
				VALIDATE_PRODUCT = YES;
			};
			name = Release;
		};
		1A31E7FA2C0B109500712199 /* Debug */ = {
			isa = XCBuildConfiguration;
			buildSettings = {
				ASSETCATALOG_COMPILER_APPICON_NAME = AppIcon;
				ASSETCATALOG_COMPILER_GLOBAL_ACCENT_COLOR_NAME = AccentColor;
				ASSETCATALOG_COMPILER_INCLUDE_ALL_APPICON_ASSETS = NO;
				CODE_SIGN_STYLE = Automatic;
				CURRENT_PROJECT_VERSION = 1;
				GENERATE_INFOPLIST_FILE = YES;
				INFOPLIST_FILE = NewsApp/Info.plist;
				INFOPLIST_KEY_UIApplicationSupportsIndirectInputEvents = YES;
				INFOPLIST_KEY_UILaunchStoryboardName = LaunchScreen;
				INFOPLIST_KEY_UIMainStoryboardFile = Main;
				INFOPLIST_KEY_UISupportedInterfaceOrientations_iPad = "UIInterfaceOrientationPortrait UIInterfaceOrientationPortraitUpsideDown UIInterfaceOrientationLandscapeLeft UIInterfaceOrientationLandscapeRight";
				INFOPLIST_KEY_UISupportedInterfaceOrientations_iPhone = "UIInterfaceOrientationPortrait UIInterfaceOrientationLandscapeLeft UIInterfaceOrientationLandscapeRight";
				LD_RUNPATH_SEARCH_PATHS = (
					"$(inherited)",
					"@executable_path/Frameworks",
				);
				MARKETING_VERSION = 1.0;
				PRODUCT_BUNDLE_IDENTIFIER = com.zahra.NewsApp;
				PRODUCT_NAME = "$(TARGET_NAME)";
				SWIFT_EMIT_LOC_STRINGS = YES;
				SWIFT_VERSION = 5.0;
				TARGETED_DEVICE_FAMILY = "1,2";
			};
			name = Debug;
		};
		1A31E7FB2C0B109500712199 /* Release */ = {
			isa = XCBuildConfiguration;
			buildSettings = {
				ASSETCATALOG_COMPILER_APPICON_NAME = AppIcon;
				ASSETCATALOG_COMPILER_GLOBAL_ACCENT_COLOR_NAME = AccentColor;
				ASSETCATALOG_COMPILER_INCLUDE_ALL_APPICON_ASSETS = NO;
				CODE_SIGN_STYLE = Automatic;
				CURRENT_PROJECT_VERSION = 1;
				GENERATE_INFOPLIST_FILE = YES;
				INFOPLIST_FILE = NewsApp/Info.plist;
				INFOPLIST_KEY_UIApplicationSupportsIndirectInputEvents = YES;
				INFOPLIST_KEY_UILaunchStoryboardName = LaunchScreen;
				INFOPLIST_KEY_UIMainStoryboardFile = Main;
				INFOPLIST_KEY_UISupportedInterfaceOrientations_iPad = "UIInterfaceOrientationPortrait UIInterfaceOrientationPortraitUpsideDown UIInterfaceOrientationLandscapeLeft UIInterfaceOrientationLandscapeRight";
				INFOPLIST_KEY_UISupportedInterfaceOrientations_iPhone = "UIInterfaceOrientationPortrait UIInterfaceOrientationLandscapeLeft UIInterfaceOrientationLandscapeRight";
				LD_RUNPATH_SEARCH_PATHS = (
					"$(inherited)",
					"@executable_path/Frameworks",
				);
				MARKETING_VERSION = 1.0;
				PRODUCT_BUNDLE_IDENTIFIER = com.zahra.NewsApp;
				PRODUCT_NAME = "$(TARGET_NAME)";
				SWIFT_EMIT_LOC_STRINGS = YES;
				SWIFT_VERSION = 5.0;
				TARGETED_DEVICE_FAMILY = "1,2";
			};
			name = Release;
		};
/* End XCBuildConfiguration section */

/* Begin XCConfigurationList section */
		1A31E7E02C0B109300712199 /* Build configuration list for PBXProject "NewsApp" */ = {
			isa = XCConfigurationList;
			buildConfigurations = (
				1A31E7F72C0B109500712199 /* Debug */,
				1A31E7F82C0B109500712199 /* Release */,
			);
			defaultConfigurationIsVisible = 0;
			defaultConfigurationName = Release;
		};
		1A31E7F92C0B109500712199 /* Build configuration list for PBXNativeTarget "NewsApp" */ = {
			isa = XCConfigurationList;
			buildConfigurations = (
				1A31E7FA2C0B109500712199 /* Debug */,
				1A31E7FB2C0B109500712199 /* Release */,
			);
			defaultConfigurationIsVisible = 0;
			defaultConfigurationName = Release;
		};
/* End XCConfigurationList section */

/* Begin XCVersionGroup section */
		1AF3A3972C21B87F00B9A5E9 /* CategoryCoreData.xcdatamodeld */ = {
			isa = XCVersionGroup;
			children = (
				1AF3A3982C21B87F00B9A5E9 /* CategoryCoreData.xcdatamodel */,
			);
			currentVersion = 1AF3A3982C21B87F00B9A5E9 /* CategoryCoreData.xcdatamodel */;
			path = CategoryCoreData.xcdatamodeld;
			sourceTree = "<group>";
			versionGroupType = wrapper.xcdatamodel;
		};
/* End XCVersionGroup section */
	};
	rootObject = 1A31E7DD2C0B109300712199 /* Project object */;
}
